
Microsoft Visual Studio Solution File, Format Version 12.00
# Visual Studio Version 17
VisualStudioVersion = 17.10.35004.147
MinimumVisualStudioVersion = 10.0.40219.1
Project("{FAE04EC0-301F-11D3-BF4B-00C04F79EFBC}") = "SysProgProjekat3", "SysProgProjekat3\SysProgProjekat3.csproj", "{5CADF6F7-D3BB-4A71-B4CC-DC0615BBE36A}"
EndProject
Global
	GlobalSection(SolutionConfigurationPlatforms) = preSolution
		Debug|Any CPU = Debug|Any CPU
		Release|Any CPU = Release|Any CPU
	EndGlobalSection
	GlobalSection(ProjectConfigurationPlatforms) = postSolution
		{5CADF6F7-D3BB-4A71-B4CC-DC0615BBE36A}.Debug|Any CPU.ActiveCfg = Debug|Any CPU
		{5CADF6F7-D3BB-4A71-B4CC-DC0615BBE36A}.Debug|Any CPU.Build.0 = Debug|Any CPU
		{5CADF6F7-D3BB-4A71-B4CC-DC0615BBE36A}.Release|Any CPU.ActiveCfg = Release|Any CPU
		{5CADF6F7-D3BB-4A71-B4CC-DC0615BBE36A}.Release|Any CPU.Build.0 = Release|Any CPU
	EndGlobalSection
	GlobalSection(SolutionProperties) = preSolution
		HideSolutionNode = FALSE
	EndGlobalSection
	GlobalSection(ExtensibilityGlobals) = postSolution
		SolutionGuid = {EF40151E-CEEA-48A7-BD38-D20E7108D5CE}
	EndGlobalSection
EndGlobal
